{
  "nodes": {
    "flake-utils": {
      "locked": {
        "lastModified": 1659877975,
        "narHash": "sha256-zllb8aq3YO3h8B/U0/J1WBgAL8EX5yWf5pMj3G0NAmc=",
        "owner": "numtide",
        "repo": "flake-utils",
        "rev": "c0e246b9b83f637f4681389ecabcb2681b4f3af0",
        "type": "github"
      },
      "original": {
        "owner": "numtide",
        "repo": "flake-utils",
        "type": "github"
      }
    },
    "nixpkgs": {
      "locked": {
        "lastModified": 1666753130,
        "narHash": "sha256-Wff1dGPFSneXJLI2c0kkdWTgxnQ416KE6X4KnFkgPYQ=",
        "owner": "nixos",
        "repo": "nixpkgs",
        "rev": "f540aeda6f677354f1e7144ab04352f61aaa0118",
        "type": "github"
      },
      "original": {
        "owner": "nixos",
        "ref": "nixpkgs-unstable",
        "repo": "nixpkgs",
        "type": "github"
      }
    },
    "plugin:debugprint": {
      "flake": false,
      "locked": {
        "lastModified": 1665219600,
        "narHash": "sha256-8HtlM8z3QhDmS1zw7Jxwqe+B0SiypJ5phZ0nC6X8Hsc=",
        "owner": "andrewferrier",
        "repo": "debugprint.nvim",
        "rev": "8dd60e909b3433c68b7439ad5623753d11682892",
        "type": "github"
      },
      "original": {
        "owner": "andrewferrier",
        "repo": "debugprint.nvim",
        "type": "github"
      }
    },
    "plugin:gitsigns": {
      "flake": false,
      "locked": {
        "lastModified": 1666700386,
        "narHash": "sha256-pSYXCENFw/z7xppenPehniX8+INkrl+l1LgKKGlfrjQ=",
        "owner": "lewis6991",
        "repo": "gitsigns.nvim",
        "rev": "851cd32caaea84f303c4fdf51d72dfa5fcd795bb",
        "type": "github"
      },
      "original": {
        "owner": "lewis6991",
        "repo": "gitsigns.nvim",
        "type": "github"
      }
    },
    "plugin:mkdnflow": {
      "flake": false,
      "locked": {
        "lastModified": 1666720271,
        "narHash": "sha256-lR5TrLRT4wLK2UnahpmNsclBoa5gfIdDHXYEJ2aabj4=",
        "owner": "jakewvincent",
        "repo": "mkdnflow.nvim",
        "rev": "750dacc026467b135a17620eb0e14ab87c0027c9",
        "type": "github"
      },
      "original": {
        "owner": "jakewvincent",
        "repo": "mkdnflow.nvim",
        "type": "github"
      }
    },
    "plugin:neo-tree": {
      "flake": false,
      "locked": {
        "lastModified": 1666461547,
        "narHash": "sha256-gFMAvg36m3pOYa3RFNmdPKZkNeGbJs+d1vS0SoDsmTE=",
        "owner": "nvim-neo-tree",
        "repo": "neo-tree.nvim",
        "rev": "ab8ca9fac52949d7a741b538c5d9c3898cd0f45a",
        "type": "github"
      },
      "original": {
        "owner": "nvim-neo-tree",
        "repo": "neo-tree.nvim",
        "type": "github"
      }
    },
    "plugin:nui": {
      "flake": false,
      "locked": {
        "lastModified": 1666803982,
        "narHash": "sha256-H7JEKr3uz1xFveSuWjVmnK3S4WUZknmH+yjVEYtZoG4=",
        "owner": "MunifTanjim",
        "repo": "nui.nvim",
        "rev": "e3806ee34700727e9cc0b420be226f41929b7d22",
        "type": "github"
      },
      "original": {
        "owner": "MunifTanjim",
        "repo": "nui.nvim",
        "type": "github"
      }
    },
    "plugin:nvim-scrollbar": {
      "flake": false,
      "locked": {
        "lastModified": 1666781752,
        "narHash": "sha256-KIoOaQxz51iV2HLXZv2VCL/Lt1AOb+wKWXhvKThPz0Q=",
        "owner": "petertriho",
        "repo": "nvim-scrollbar",
        "rev": "49b5a0f2e2d275df4f2e224f3e1cd7f4c64ecafe",
        "type": "github"
      },
      "original": {
        "owner": "petertriho",
        "repo": "nvim-scrollbar",
        "type": "github"
      }
    },
    "plugin:nvim-unception": {
      "flake": false,
      "locked": {
        "lastModified": 1666812578,
        "narHash": "sha256-P5li0Onlo/quM90paCHeYe5hVCGJuHqwE+HIWQLlu6I=",
        "owner": "samjwill",
        "repo": "nvim-unception",
        "rev": "0422fa9bc16d0bedeab7cb3880063a6bd8631067",
        "type": "github"
      },
      "original": {
        "owner": "samjwill",
        "repo": "nvim-unception",
        "type": "github"
      }
    },
    "plugin:nvim-window-picker": {
      "flake": false,
      "locked": {
        "lastModified": 1665683102,
        "narHash": "sha256-s1UC2DGrl6g1scpwx5BbaSynl7z+p0UnwKbaUzIxygI=",
        "owner": "s1n7ax",
        "repo": "nvim-window-picker",
        "rev": "a53a3b7487a9f090f5405ead8dcd5ebf5b934e97",
        "type": "github"
      },
      "original": {
        "owner": "s1n7ax",
        "repo": "nvim-window-picker",
        "type": "github"
      }
    },
    "plugin:refactoring-nvim": {
      "flake": false,
      "locked": {
        "lastModified": 1662239899,
        "narHash": "sha256-eh3rs004NFggOugjvhhFS+5NHhE85rZDU3QKFcsQZ4E=",
        "owner": "ThePrimeagen",
        "repo": "refactoring.nvim",
        "rev": "c9ca8e3bbf7218101f16e6a03b15bf72b99b2cae",
        "type": "github"
      },
      "original": {
        "owner": "ThePrimeagen",
        "repo": "refactoring.nvim",
        "type": "github"
      }
    },
    "plugin:telescope-manix": {
      "flake": false,
      "locked": {
        "lastModified": 1666215096,
        "narHash": "sha256-Yn4H4qVXOZYcluwCfivj7SIxroNqjEbaEom6gXl9kw8=",
        "owner": "MrcJkb",
        "repo": "telescope-manix",
        "rev": "9f91408328be8719ca1f6c49a3ccc1df6392d5e9",
        "type": "github"
      },
      "original": {
        "owner": "MrcJkb",
        "repo": "telescope-manix",
        "type": "github"
      }
    },
    "plugin:vim-just": {
      "flake": false,
      "locked": {
        "lastModified": 1667421278,
        "narHash": "sha256-DSC47z2wOEXvo2kGO5JtmR3hyHPiYXrkX7MgtagV5h4=",
        "owner": "NoahTheDuke",
        "repo": "vim-just",
        "rev": "838c9096d4c5d64d1000a6442a358746324c2123",
        "type": "github"
      },
      "original": {
        "owner": "NoahTheDuke",
        "repo": "vim-just",
        "type": "github"
      }
    },
    "plugin:vim-resize-mode": {
      "flake": false,
      "locked": {
        "lastModified": 1612225355,
        "narHash": "sha256-drQG1ObxR4HHsNnEEBtvZQVPrsjZuHt57PTHOSkNMSs=",
        "owner": "sedm0784",
        "repo": "vim-resize-mode",
        "rev": "555759fbbd0b7096da1cf6e7bf29acf850423f94",
        "type": "github"
      },
      "original": {
        "owner": "sedm0784",
        "repo": "vim-resize-mode",
        "type": "github"
      }
    },
    "plugin:vim-symlink": {
      "flake": false,
      "locked": {
        "lastModified": 1658828180,
        "narHash": "sha256-V5ziS/Q/0hulAdUIg7PgR+yjf6vljaGQBksUCiIeHyM=",
        "owner": "aymericbeaumet",
        "repo": "vim-symlink",
        "rev": "fec2d1a72c6875557109ce6113f26d3140b64374",
        "type": "github"
      },
      "original": {
        "owner": "aymericbeaumet",
        "repo": "vim-symlink",
        "type": "github"
      }
    },
    "root": {
      "inputs": {
        "flake-utils": "flake-utils",
        "nixpkgs": "nixpkgs",
        "plugin:debugprint": "plugin:debugprint",
        "plugin:gitsigns": "plugin:gitsigns",
        "plugin:mkdnflow": "plugin:mkdnflow",
        "plugin:neo-tree": "plugin:neo-tree",
        "plugin:nui": "plugin:nui",
        "plugin:nvim-scrollbar": "plugin:nvim-scrollbar",
        "plugin:nvim-unception": "plugin:nvim-unception",
        "plugin:nvim-window-picker": "plugin:nvim-window-picker",
        "plugin:refactoring-nvim": "plugin:refactoring-nvim",
        "plugin:telescope-manix": "plugin:telescope-manix",
        "plugin:vim-just": "plugin:vim-just",
        "plugin:vim-resize-mode": "plugin:vim-resize-mode",
        "plugin:vim-symlink": "plugin:vim-symlink"
      }
    }
  },
  "root": "root",
  "version": 7
}
