{
  "nodes": {
    "flake-utils": {
      "inputs": {
        "systems": "systems"
      },
      "locked": {
        "lastModified": 1731533236,
        "narHash": "sha256-l0KFg5HjrsfsO/JpG+r7fRrqm12kzFHyUHqHCVpMMbI=",
        "owner": "numtide",
        "repo": "flake-utils",
        "rev": "11707dc2f618dd54ca8739b309ec4fc024de578b",
        "type": "github"
      },
      "original": {
        "owner": "numtide",
        "repo": "flake-utils",
        "type": "github"
      }
    },
    "home-manager": {
      "inputs": {
        "nixpkgs": [
          "nixpkgs"
        ]
      },
      "locked": {
        "lastModified": 1726989464,
        "narHash": "sha256-Vl+WVTJwutXkimwGprnEtXc/s/s8sMuXzqXaspIGlwM=",
        "owner": "nix-community",
        "repo": "home-manager",
        "rev": "2f23fa308a7c067e52dfcc30a0758f47043ec176",
        "type": "github"
      },
      "original": {
        "owner": "nix-community",
        "ref": "release-24.05",
        "repo": "home-manager",
        "type": "github"
      }
    },
    "neovim-flake": {
      "inputs": {
        "flake-utils": [
          "flake-utils"
        ],
        "nixpkgs": "nixpkgs",
        "plugin:advanced-git-search-nvim": "plugin:advanced-git-search-nvim",
        "plugin:bats-nvim": "plugin:bats-nvim",
        "plugin:decisive.nvim": "plugin:decisive.nvim",
        "plugin:gp-nvim": "plugin:gp-nvim",
        "plugin:toggle-checkbox.nvim": "plugin:toggle-checkbox.nvim",
        "plugin:vim-jinja2-syntax": "plugin:vim-jinja2-syntax",
        "plugin:which-key.nvim": "plugin:which-key.nvim"
      },
      "locked": {
        "lastModified": 1,
        "narHash": "sha256-H172uIgyHrQly6DBE1G+6TFs0LjmG6n7CBohZpuDWJM=",
        "path": "./neovim",
        "type": "path"
      },
      "original": {
        "path": "./neovim",
        "type": "path"
      }
    },
    "nixos-hardware": {
      "locked": {
        "lastModified": 1732483221,
        "narHash": "sha256-kF6rDeCshoCgmQz+7uiuPdREVFuzhIorGOoPXMalL2U=",
        "owner": "NixOS",
        "repo": "nixos-hardware",
        "rev": "45348ad6fb8ac0e8415f6e5e96efe47dd7f39405",
        "type": "github"
      },
      "original": {
        "owner": "NixOS",
        "ref": "master",
        "repo": "nixos-hardware",
        "type": "github"
      }
    },
    "nixpkgs": {
      "locked": {
        "lastModified": 1732758367,
        "narHash": "sha256-RzaI1RO0UXqLjydtz3GAXSTzHkpb/lLD1JD8a0W4Wpo=",
        "owner": "NixOS",
        "repo": "nixpkgs",
        "rev": "fa42b5a5f401aab8a32bd33c9a4de0738180dc59",
        "type": "github"
      },
      "original": {
        "owner": "NixOS",
        "ref": "nixos-unstable",
        "repo": "nixpkgs",
        "type": "github"
      }
    },
    "nixpkgs-unstable": {
      "locked": {
        "lastModified": 1732758367,
        "narHash": "sha256-RzaI1RO0UXqLjydtz3GAXSTzHkpb/lLD1JD8a0W4Wpo=",
        "owner": "NixOS",
        "repo": "nixpkgs",
        "rev": "fa42b5a5f401aab8a32bd33c9a4de0738180dc59",
        "type": "github"
      },
      "original": {
        "owner": "NixOS",
        "ref": "nixos-unstable",
        "repo": "nixpkgs",
        "type": "github"
      }
    },
    "nixpkgs_2": {
      "locked": {
        "lastModified": 1732749044,
        "narHash": "sha256-T38FQOg0BV5M8FN1712fovzNakSOENEYs+CSkg31C9Y=",
        "owner": "NixOS",
        "repo": "nixpkgs",
        "rev": "0c5b4ecbed5b155b705336aa96d878e55acd8685",
        "type": "github"
      },
      "original": {
        "owner": "NixOS",
        "ref": "nixos-24.05",
        "repo": "nixpkgs",
        "type": "github"
      }
    },
    "plugin:advanced-git-search-nvim": {
      "flake": false,
      "locked": {
        "lastModified": 1725269419,
        "narHash": "sha256-YF/cN3FwH/ADeY3fIHs4FRFwXb+g/HzjEV2YKr8WF3o=",
        "owner": "aaronhallaert",
        "repo": "advanced-git-search.nvim",
        "rev": "1c5a10f5c838cfad2c17d7464311d6fb416cb319",
        "type": "github"
      },
      "original": {
        "owner": "aaronhallaert",
        "repo": "advanced-git-search.nvim",
        "type": "github"
      }
    },
    "plugin:bats-nvim": {
      "flake": false,
      "locked": {
        "lastModified": 1681058501,
        "narHash": "sha256-oKdnWciaKyI7iaBSQ0DeG7ZQWmi9NlSVVZyeGCpAW84=",
        "owner": "aliou",
        "repo": "bats.vim",
        "rev": "19eb3c5a05aaa889647af8107a4518b3fb4a4711",
        "type": "github"
      },
      "original": {
        "owner": "aliou",
        "repo": "bats.vim",
        "type": "github"
      }
    },
    "plugin:decisive.nvim": {
      "flake": false,
      "locked": {
        "lastModified": 1726938231,
        "narHash": "sha256-A3ZTL55LqsruVMcByFyd6ZxmHK7BKyqa1KTp3rYcbrU=",
        "owner": "emmanueltouzery",
        "repo": "decisive.nvim",
        "rev": "a7251adebccbc9c899cff39a524b20d06e2b78b5",
        "type": "github"
      },
      "original": {
        "owner": "emmanueltouzery",
        "repo": "decisive.nvim",
        "type": "github"
      }
    },
    "plugin:gp-nvim": {
      "flake": false,
      "locked": {
        "lastModified": 1726734798,
        "narHash": "sha256-QUZrFU/+TPBEU8yi9gmyRYjI/u7DP88AxcS0RMk7Jvk=",
        "owner": "Robitx",
        "repo": "gp.nvim",
        "rev": "2372d5323c6feaa2e9c19f7ccb537c615d878e18",
        "type": "github"
      },
      "original": {
        "owner": "Robitx",
        "repo": "gp.nvim",
        "type": "github"
      }
    },
    "plugin:toggle-checkbox.nvim": {
      "flake": false,
      "locked": {
        "lastModified": 1703353613,
        "narHash": "sha256-4YSEagQnLK5MBl2z53e6sOBlCDm220GYVlc6A+HNywg=",
        "owner": "opdavies",
        "repo": "toggle-checkbox.nvim",
        "rev": "58f958a2dcfb974963d4bb772ad8c3d8a1c62774",
        "type": "github"
      },
      "original": {
        "owner": "opdavies",
        "repo": "toggle-checkbox.nvim",
        "type": "github"
      }
    },
    "plugin:vim-jinja2-syntax": {
      "flake": false,
      "locked": {
        "lastModified": 1624372005,
        "narHash": "sha256-57kZn10XBpCRRXsFSSEIUngdIJSj3cmNQHnkObj+ro4=",
        "owner": "Glench",
        "repo": "Vim-Jinja2-Syntax",
        "rev": "2c17843b074b06a835f88587e1023ceff7e2c7d1",
        "type": "github"
      },
      "original": {
        "owner": "Glench",
        "repo": "Vim-Jinja2-Syntax",
        "type": "github"
      }
    },
    "plugin:which-key.nvim": {
      "flake": false,
      "locked": {
        "lastModified": 1717686444,
        "narHash": "sha256-gc/WJJ1s4s+hh8Mx8MTDg8pGGNOXxgKqBMwudJtpO4Y=",
        "owner": "folke",
        "repo": "which-key.nvim",
        "rev": "0539da005b98b02cf730c1d9da82b8e8edb1c2d2",
        "type": "github"
      },
      "original": {
        "owner": "folke",
        "ref": "v2.1.0",
        "repo": "which-key.nvim",
        "type": "github"
      }
    },
    "root": {
      "inputs": {
        "flake-utils": "flake-utils",
        "home-manager": "home-manager",
        "neovim-flake": "neovim-flake",
        "nixos-hardware": "nixos-hardware",
        "nixpkgs": "nixpkgs_2",
        "nixpkgs-unstable": "nixpkgs-unstable"
      }
    },
    "systems": {
      "locked": {
        "lastModified": 1681028828,
        "narHash": "sha256-Vy1rq5AaRuLzOxct8nz4T6wlgyUR7zLU309k9mBC768=",
        "owner": "nix-systems",
        "repo": "default",
        "rev": "da67096a3b9bf56a91d16901293e51ba5b49a27e",
        "type": "github"
      },
      "original": {
        "owner": "nix-systems",
        "repo": "default",
        "type": "github"
      }
    }
  },
  "root": "root",
  "version": 7
}
