{
  "nodes": {
    "flake-utils": {
      "locked": {
        "lastModified": 1667395993,
        "narHash": "sha256-nuEHfE/LcWyuSWnS8t12N1wc105Qtau+/OdUAjtQ0rA=",
        "owner": "numtide",
        "repo": "flake-utils",
        "rev": "5aed5285a952e0b949eb3ba02c12fa4fcfef535f",
        "type": "github"
      },
      "original": {
        "owner": "numtide",
        "repo": "flake-utils",
        "type": "github"
      }
    },
    "nixpkgs": {
      "locked": {
        "lastModified": 1670827406,
        "narHash": "sha256-nLNk7uiLbhbvb4TVz67XK7+Ezr1zcWYDWmNrWGmEUqA=",
        "owner": "nixos",
        "repo": "nixpkgs",
        "rev": "ffca9ffaaafb38c8979068cee98b2644bd3f14cb",
        "type": "github"
      },
      "original": {
        "owner": "nixos",
        "ref": "nixpkgs-unstable",
        "repo": "nixpkgs",
        "type": "github"
      }
    },
    "plugin:debugprint": {
      "flake": false,
      "locked": {
        "lastModified": 1668678536,
        "narHash": "sha256-1iwNd/Y9bOnVtyGHGN/qFi5E83oYbr8CqD7MSu1IgGk=",
        "owner": "andrewferrier",
        "repo": "debugprint.nvim",
        "rev": "e555b35057373f9cd7bd2d2181f508ee5f885d6e",
        "type": "github"
      },
      "original": {
        "owner": "andrewferrier",
        "repo": "debugprint.nvim",
        "type": "github"
      }
    },
    "plugin:gitsigns": {
      "flake": false,
      "locked": {
        "lastModified": 1669826718,
        "narHash": "sha256-2S25m5sx7fHI/PHKosch7w/uV7DUOFtOQVpp9sUGKYk=",
        "owner": "lewis6991",
        "repo": "gitsigns.nvim",
        "rev": "d076301a634198e0ae3efee3b298fc63c055a871",
        "type": "github"
      },
      "original": {
        "owner": "lewis6991",
        "repo": "gitsigns.nvim",
        "type": "github"
      }
    },
    "plugin:mkdnflow": {
      "flake": false,
      "locked": {
        "lastModified": 1666720271,
        "narHash": "sha256-lR5TrLRT4wLK2UnahpmNsclBoa5gfIdDHXYEJ2aabj4=",
        "owner": "jakewvincent",
        "repo": "mkdnflow.nvim",
        "rev": "750dacc026467b135a17620eb0e14ab87c0027c9",
        "type": "github"
      },
      "original": {
        "owner": "jakewvincent",
        "repo": "mkdnflow.nvim",
        "type": "github"
      }
    },
    "plugin:neo-tree": {
      "flake": false,
      "locked": {
        "lastModified": 1669565114,
        "narHash": "sha256-kl9+gLjpG9/9gjxbeHrbZnEz2zDKIswrz4IjQptWnPk=",
        "owner": "nvim-neo-tree",
        "repo": "neo-tree.nvim",
        "rev": "7c6903b05b13c5d4c3882c896a59e6101cb51ea7",
        "type": "github"
      },
      "original": {
        "owner": "nvim-neo-tree",
        "repo": "neo-tree.nvim",
        "type": "github"
      }
    },
    "plugin:nui": {
      "flake": false,
      "locked": {
        "lastModified": 1670585698,
        "narHash": "sha256-wiHVsuOnqDvYxL485SYkmTwDP4ObyTb3CO4b3W9rKCM=",
        "owner": "MunifTanjim",
        "repo": "nui.nvim",
        "rev": "2a6533fb798efad7dd783311315bab8dc5eb381b",
        "type": "github"
      },
      "original": {
        "owner": "MunifTanjim",
        "repo": "nui.nvim",
        "type": "github"
      }
    },
    "plugin:nvim-scrollbar": {
      "flake": false,
      "locked": {
        "lastModified": 1670453144,
        "narHash": "sha256-V4z5O2KtOXWuMbN18osDQQn7WEbPiomtoKi+uWtI6ik=",
        "owner": "petertriho",
        "repo": "nvim-scrollbar",
        "rev": "f45aecbba9c402282dfc99721e0ad4c08710907c",
        "type": "github"
      },
      "original": {
        "owner": "petertriho",
        "repo": "nvim-scrollbar",
        "type": "github"
      }
    },
    "plugin:nvim-unception": {
      "flake": false,
      "locked": {
        "lastModified": 1668702453,
        "narHash": "sha256-VI8W2ORYNDR1FtFfWX9woW7qTLl1sRR9UVGix6P+oZ8=",
        "owner": "samjwill",
        "repo": "nvim-unception",
        "rev": "5a803a17aa7871be10dbfae4f4a6eb0dd2b0e76a",
        "type": "github"
      },
      "original": {
        "owner": "samjwill",
        "repo": "nvim-unception",
        "type": "github"
      }
    },
    "plugin:nvim-window-picker": {
      "flake": false,
      "locked": {
        "lastModified": 1670764501,
        "narHash": "sha256-1UbT/W1ngDnxX03aOk2V8VTOlXWyq/LjCfOl5MUOfsI=",
        "owner": "s1n7ax",
        "repo": "nvim-window-picker",
        "rev": "5902827d0e338890a22849e2f18dc80d1cc1a8db",
        "type": "github"
      },
      "original": {
        "owner": "s1n7ax",
        "repo": "nvim-window-picker",
        "type": "github"
      }
    },
    "plugin:refactoring-nvim": {
      "flake": false,
      "locked": {
        "lastModified": 1662239899,
        "narHash": "sha256-eh3rs004NFggOugjvhhFS+5NHhE85rZDU3QKFcsQZ4E=",
        "owner": "ThePrimeagen",
        "repo": "refactoring.nvim",
        "rev": "c9ca8e3bbf7218101f16e6a03b15bf72b99b2cae",
        "type": "github"
      },
      "original": {
        "owner": "ThePrimeagen",
        "repo": "refactoring.nvim",
        "type": "github"
      }
    },
    "plugin:telescope-manix": {
      "flake": false,
      "locked": {
        "lastModified": 1668278067,
        "narHash": "sha256-WCUocTMhixaHdYgQSlArMPdbZgwE75KB2GhqkKUlN64=",
        "owner": "MrcJkb",
        "repo": "telescope-manix",
        "rev": "e1ac51513b1952e980edd5bad9ed98f155717b07",
        "type": "github"
      },
      "original": {
        "owner": "MrcJkb",
        "repo": "telescope-manix",
        "type": "github"
      }
    },
    "plugin:vim-just": {
      "flake": false,
      "locked": {
        "lastModified": 1667421278,
        "narHash": "sha256-DSC47z2wOEXvo2kGO5JtmR3hyHPiYXrkX7MgtagV5h4=",
        "owner": "NoahTheDuke",
        "repo": "vim-just",
        "rev": "838c9096d4c5d64d1000a6442a358746324c2123",
        "type": "github"
      },
      "original": {
        "owner": "NoahTheDuke",
        "repo": "vim-just",
        "type": "github"
      }
    },
    "plugin:vim-resize-mode": {
      "flake": false,
      "locked": {
        "lastModified": 1612225355,
        "narHash": "sha256-drQG1ObxR4HHsNnEEBtvZQVPrsjZuHt57PTHOSkNMSs=",
        "owner": "sedm0784",
        "repo": "vim-resize-mode",
        "rev": "555759fbbd0b7096da1cf6e7bf29acf850423f94",
        "type": "github"
      },
      "original": {
        "owner": "sedm0784",
        "repo": "vim-resize-mode",
        "type": "github"
      }
    },
    "plugin:vim-symlink": {
      "flake": false,
      "locked": {
        "lastModified": 1658828180,
        "narHash": "sha256-V5ziS/Q/0hulAdUIg7PgR+yjf6vljaGQBksUCiIeHyM=",
        "owner": "aymericbeaumet",
        "repo": "vim-symlink",
        "rev": "fec2d1a72c6875557109ce6113f26d3140b64374",
        "type": "github"
      },
      "original": {
        "owner": "aymericbeaumet",
        "repo": "vim-symlink",
        "type": "github"
      }
    },
    "root": {
      "inputs": {
        "flake-utils": "flake-utils",
        "nixpkgs": "nixpkgs",
        "plugin:debugprint": "plugin:debugprint",
        "plugin:gitsigns": "plugin:gitsigns",
        "plugin:mkdnflow": "plugin:mkdnflow",
        "plugin:neo-tree": "plugin:neo-tree",
        "plugin:nui": "plugin:nui",
        "plugin:nvim-scrollbar": "plugin:nvim-scrollbar",
        "plugin:nvim-unception": "plugin:nvim-unception",
        "plugin:nvim-window-picker": "plugin:nvim-window-picker",
        "plugin:refactoring-nvim": "plugin:refactoring-nvim",
        "plugin:telescope-manix": "plugin:telescope-manix",
        "plugin:vim-just": "plugin:vim-just",
        "plugin:vim-resize-mode": "plugin:vim-resize-mode",
        "plugin:vim-symlink": "plugin:vim-symlink"
      }
    }
  },
  "root": "root",
  "version": 7
}
