{
  "nodes": {
    "flake-utils": {
      "inputs": {
        "systems": "systems"
      },
      "locked": {
        "lastModified": 1710146030,
        "narHash": "sha256-SZ5L6eA7HJ/nmkzGG7/ISclqe6oZdOZTNoesiInkXPQ=",
        "owner": "numtide",
        "repo": "flake-utils",
        "rev": "b1d9ab70662946ef0850d488da1c9019f3a9752a",
        "type": "github"
      },
      "original": {
        "owner": "numtide",
        "repo": "flake-utils",
        "type": "github"
      }
    },
    "nixpkgs": {
      "locked": {
        "lastModified": 1716725825,
        "narHash": "sha256-w67M5DyggF9iX60vSYVvqfPaIP6ndpgaX1jnv2krkjI=",
        "owner": "jay-aye-see-kay",
        "repo": "nixpkgs",
        "rev": "3ecc55dd7fbcf596ee62e7f3188b37c194f7b26b",
        "type": "github"
      },
      "original": {
        "owner": "jay-aye-see-kay",
        "ref": "add-aerospace",
        "repo": "nixpkgs",
        "type": "github"
      }
    },
    "plugin:advanced-git-search-nvim": {
      "flake": false,
      "locked": {
        "lastModified": 1715610803,
        "narHash": "sha256-/MvKgsKfRom50dq+bTPvzt6wXC0wBWvYzwv9gCxZ1Ys=",
        "owner": "aaronhallaert",
        "repo": "advanced-git-search.nvim",
        "rev": "d11e1360b7cdb9270673b7852bbc1e91e1af25da",
        "type": "github"
      },
      "original": {
        "owner": "aaronhallaert",
        "repo": "advanced-git-search.nvim",
        "type": "github"
      }
    },
    "plugin:bats-nvim": {
      "flake": false,
      "locked": {
        "lastModified": 1681058501,
        "narHash": "sha256-oKdnWciaKyI7iaBSQ0DeG7ZQWmi9NlSVVZyeGCpAW84=",
        "owner": "aliou",
        "repo": "bats.vim",
        "rev": "19eb3c5a05aaa889647af8107a4518b3fb4a4711",
        "type": "github"
      },
      "original": {
        "owner": "aliou",
        "repo": "bats.vim",
        "type": "github"
      }
    },
    "plugin:gp-nvim": {
      "flake": false,
      "locked": {
        "lastModified": 1711465726,
        "narHash": "sha256-nowrrgdRxxJ81xsmuUYKsbPNLTGVKO6KbSpU0U98lWE=",
        "owner": "Robitx",
        "repo": "gp.nvim",
        "rev": "52938ffbd47b5e06d0f9b7c8b146f26d6021fbac",
        "type": "github"
      },
      "original": {
        "owner": "Robitx",
        "repo": "gp.nvim",
        "type": "github"
      }
    },
    "plugin:toggle-checkbox.nvim": {
      "flake": false,
      "locked": {
        "lastModified": 1703353613,
        "narHash": "sha256-4YSEagQnLK5MBl2z53e6sOBlCDm220GYVlc6A+HNywg=",
        "owner": "opdavies",
        "repo": "toggle-checkbox.nvim",
        "rev": "58f958a2dcfb974963d4bb772ad8c3d8a1c62774",
        "type": "github"
      },
      "original": {
        "owner": "opdavies",
        "repo": "toggle-checkbox.nvim",
        "type": "github"
      }
    },
    "plugin:vim-jinja2-syntax": {
      "flake": false,
      "locked": {
        "lastModified": 1624372005,
        "narHash": "sha256-57kZn10XBpCRRXsFSSEIUngdIJSj3cmNQHnkObj+ro4=",
        "owner": "Glench",
        "repo": "Vim-Jinja2-Syntax",
        "rev": "2c17843b074b06a835f88587e1023ceff7e2c7d1",
        "type": "github"
      },
      "original": {
        "owner": "Glench",
        "repo": "Vim-Jinja2-Syntax",
        "type": "github"
      }
    },
    "root": {
      "inputs": {
        "flake-utils": "flake-utils",
        "nixpkgs": "nixpkgs",
        "plugin:advanced-git-search-nvim": "plugin:advanced-git-search-nvim",
        "plugin:bats-nvim": "plugin:bats-nvim",
        "plugin:gp-nvim": "plugin:gp-nvim",
        "plugin:toggle-checkbox.nvim": "plugin:toggle-checkbox.nvim",
        "plugin:vim-jinja2-syntax": "plugin:vim-jinja2-syntax"
      }
    },
    "systems": {
      "locked": {
        "lastModified": 1681028828,
        "narHash": "sha256-Vy1rq5AaRuLzOxct8nz4T6wlgyUR7zLU309k9mBC768=",
        "owner": "nix-systems",
        "repo": "default",
        "rev": "da67096a3b9bf56a91d16901293e51ba5b49a27e",
        "type": "github"
      },
      "original": {
        "owner": "nix-systems",
        "repo": "default",
        "type": "github"
      }
    }
  },
  "root": "root",
  "version": 7
}
